{
  "name": "advent-of-typescript",
  "lockfileVersion": 3,
  "requires": true,
  "packages": {
    "": {
      "name": "advent-of-typescript",
      "devDependencies": {
        "bun-types": "latest",
        "type-testing": "^0.2.0"
      },
      "peerDependencies": {
        "typescript": "^5.0.0"
      }
    },
    "node_modules/bun-types": {
      "version": "1.0.14",
      "resolved": "https://registry.npmjs.org/bun-types/-/bun-types-1.0.14.tgz",
      "integrity": "sha512-hLVfM2fk8xSJeobfuPGilfvxM5gLtEy1bn7RJhrtw3u4OaC0kieXKYFFTVHU8jZ3hj8YyPLIFClIUodkFSrMBQ==",
      "dev": true
    },
    "node_modules/type-testing": {
      "version": "0.2.0",
      "resolved": "https://registry.npmjs.org/type-testing/-/type-testing-0.2.0.tgz",
      "integrity": "sha512-HAf4o9LjUAh9xEIXZTNm+ak2tjTgK64QhTlT/D8UNedII2/eagdEbtbaVK6920K7+QBrwfvxpjPGlfWVKZ+MZQ==",
      "dev": true,
      "engines": {
        "node": ">= 20.x"
      }
    },
    "node_modules/typescript": {
      "version": "5.3.2",
      "license": "Apache-2.0",
      "peer": true,
      "bin": {
        "tsc": "bin/tsc",
        "tsserver": "bin/tsserver"
      },
      "engines": {
        "node": ">=14.17"
      }
    }
  }
}
